
Microsoft Visual Studio Solution File, Format Version 12.00
# Visual Studio 15
VisualStudioVersion = 15.0.28307.136
MinimumVisualStudioVersion = 10.0.40219.1
Project("{FAE04EC0-301F-11D3-BF4B-00C04F79EFBC}") = "SkolaProjektniCentar", "SkolaProjektniCentar\SkolaProjektniCentar.csproj", "{72E13FE0-1C4C-43F1-9DF9-F9223C04BD7F}"
EndProject
Project("{FAE04EC0-301F-11D3-BF4B-00C04F79EFBC}") = "SkolaProjektniCentar.Tests", "SkolaProjektniCentar.Tests\SkolaProjektniCentar.Tests.csproj", "{AA760C75-DE05-4740-95F2-2EAEFD9FCE2A}"
EndProject
Global
	GlobalSection(SolutionConfigurationPlatforms) = preSolution
		Debug|Any CPU = Debug|Any CPU
		Release|Any CPU = Release|Any CPU
	EndGlobalSection
	GlobalSection(ProjectConfigurationPlatforms) = postSolution
		{72E13FE0-1C4C-43F1-9DF9-F9223C04BD7F}.Debug|Any CPU.ActiveCfg = Debug|Any CPU
		{72E13FE0-1C4C-43F1-9DF9-F9223C04BD7F}.Debug|Any CPU.Build.0 = Debug|Any CPU
		{72E13FE0-1C4C-43F1-9DF9-F9223C04BD7F}.Release|Any CPU.ActiveCfg = Release|Any CPU
		{72E13FE0-1C4C-43F1-9DF9-F9223C04BD7F}.Release|Any CPU.Build.0 = Release|Any CPU
		{AA760C75-DE05-4740-95F2-2EAEFD9FCE2A}.Debug|Any CPU.ActiveCfg = Debug|Any CPU
		{AA760C75-DE05-4740-95F2-2EAEFD9FCE2A}.Debug|Any CPU.Build.0 = Debug|Any CPU
		{AA760C75-DE05-4740-95F2-2EAEFD9FCE2A}.Release|Any CPU.ActiveCfg = Release|Any CPU
		{AA760C75-DE05-4740-95F2-2EAEFD9FCE2A}.Release|Any CPU.Build.0 = Release|Any CPU
	EndGlobalSection
	GlobalSection(SolutionProperties) = preSolution
		HideSolutionNode = FALSE
	EndGlobalSection
	GlobalSection(ExtensibilityGlobals) = postSolution
		SolutionGuid = {0F8C2B3D-9C09-43FB-8C11-08C55F91434F}
	EndGlobalSection
EndGlobal
